apiVersion: vendir.k14s.io/v1alpha1
directories:
- contents:
  - git:
      commitTitle: 'chore(release): [ci skip] bump quickstart image to sha256@578ec0ece545fdc756d73620cd92525940f888738e03d57c9e042852a81c9e03'
      sha: 68716b493cd256c5a98a91aa91ce955efbb996b3
      tags:
      - 0.21.110-1-g68716b493
    path: blink-quickstart
  path: vendor
kind: LockConfig
